// !$*UTF8*$!
{
	archiveVersion = 1;
	classes = {
	};
	objectVersion = 50;
	objects = {

/* Begin PBXBuildFile section */
		4AB748BD14FCE2762EF7C105 /* Pods_GitHub_StarsTests.framework in Frameworks */ = {isa = PBXBuildFile; fileRef = 213506D5671B8AEAD0058446 /* Pods_GitHub_StarsTests.framework */; };
		56C8B14A858CF07EEAA5CA36 /* Pods_GitHub_Stars.framework in Frameworks */ = {isa = PBXBuildFile; fileRef = 0A583FCF9D41173D3002099E /* Pods_GitHub_Stars.framework */; };
		AE4B2E5E2124AB9900951850 /* AppDelegate.swift in Sources */ = {isa = PBXBuildFile; fileRef = AE4B2E5D2124AB9900951850 /* AppDelegate.swift */; };
		AE4B2E632124AB9900951850 /* Main.storyboard in Resources */ = {isa = PBXBuildFile; fileRef = AE4B2E612124AB9900951850 /* Main.storyboard */; };
		AE4B2E652124AB9B00951850 /* Assets.xcassets in Resources */ = {isa = PBXBuildFile; fileRef = AE4B2E642124AB9B00951850 /* Assets.xcassets */; };
		AE4B2E682124AB9B00951850 /* LaunchScreen.storyboard in Resources */ = {isa = PBXBuildFile; fileRef = AE4B2E662124AB9B00951850 /* LaunchScreen.storyboard */; };
		AE4B2E732124AB9B00951850 /* GitHub_StarsTests.swift in Sources */ = {isa = PBXBuildFile; fileRef = AE4B2E722124AB9B00951850 /* GitHub_StarsTests.swift */; };
		AE4B2E7E2124AB9B00951850 /* GitHub_StarsUITests.swift in Sources */ = {isa = PBXBuildFile; fileRef = AE4B2E7D2124AB9B00951850 /* GitHub_StarsUITests.swift */; };
		AE4B2E922124B44500951850 /* Repository.swift in Sources */ = {isa = PBXBuildFile; fileRef = AE4B2E912124B44500951850 /* Repository.swift */; };
		AE4B2E942124BD9D00951850 /* Owner.swift in Sources */ = {isa = PBXBuildFile; fileRef = AE4B2E932124BD9D00951850 /* Owner.swift */; };
		AE4B2E962124C79E00951850 /* PullRequest.swift in Sources */ = {isa = PBXBuildFile; fileRef = AE4B2E952124C79E00951850 /* PullRequest.swift */; };
		AE7BE80F2124D79400476D05 /* RepositoriesTableViewController.swift in Sources */ = {isa = PBXBuildFile; fileRef = AE7BE80E2124D79400476D05 /* RepositoriesTableViewController.swift */; };
		AE7BE8132124D86800476D05 /* RepositoryTableViewCell.swift in Sources */ = {isa = PBXBuildFile; fileRef = AE7BE8112124D86800476D05 /* RepositoryTableViewCell.swift */; };
		AE7BE8142124D86800476D05 /* RepositoryTableViewCell.xib in Resources */ = {isa = PBXBuildFile; fileRef = AE7BE8122124D86800476D05 /* RepositoryTableViewCell.xib */; };
		AE7BE8172124DDC800476D05 /* WGExtensions.swift in Sources */ = {isa = PBXBuildFile; fileRef = AE7BE8162124DDC800476D05 /* WGExtensions.swift */; };
		AE7BE81C2125E50C00476D05 /* BaseRequest.swift in Sources */ = {isa = PBXBuildFile; fileRef = AE7BE81B2125E50C00476D05 /* BaseRequest.swift */; };
		AE7BE81E2125E5C700476D05 /* RepositoriesRequest.swift in Sources */ = {isa = PBXBuildFile; fileRef = AE7BE81D2125E5C700476D05 /* RepositoriesRequest.swift */; };
		AE7BE8202125EFD000476D05 /* ProgressUtils.swift in Sources */ = {isa = PBXBuildFile; fileRef = AE7BE81F2125EFD000476D05 /* ProgressUtils.swift */; };
		AE7BE82421262EA900476D05 /* PullRequestsTableViewController.swift in Sources */ = {isa = PBXBuildFile; fileRef = AE7BE82321262EA900476D05 /* PullRequestsTableViewController.swift */; };
		AE7BE8262126320700476D05 /* DateUtils.swift in Sources */ = {isa = PBXBuildFile; fileRef = AE7BE8252126320700476D05 /* DateUtils.swift */; };
		AEAC26052126344800632897 /* PullRequestsRequest.swift in Sources */ = {isa = PBXBuildFile; fileRef = AEAC26042126344800632897 /* PullRequestsRequest.swift */; };
		E1ED42ABE247375ADEABFFC2 /* Pods_GitHub_StarsUITests.framework in Frameworks */ = {isa = PBXBuildFile; fileRef = 6D36709173A22E183E7A6C43 /* Pods_GitHub_StarsUITests.framework */; };
/* End PBXBuildFile section */

/* Begin PBXContainerItemProxy section */
		AE4B2E6F2124AB9B00951850 /* PBXContainerItemProxy */ = {
			isa = PBXContainerItemProxy;
			containerPortal = AE4B2E522124AB9900951850 /* Project object */;
			proxyType = 1;
			remoteGlobalIDString = AE4B2E592124AB9900951850;
			remoteInfo = "GitHub Stars";
		};
		AE4B2E7A2124AB9B00951850 /* PBXContainerItemProxy */ = {
			isa = PBXContainerItemProxy;
			containerPortal = AE4B2E522124AB9900951850 /* Project object */;
			proxyType = 1;
			remoteGlobalIDString = AE4B2E592124AB9900951850;
			remoteInfo = "GitHub Stars";
		};
/* End PBXContainerItemProxy section */

/* Begin PBXFileReference section */
		0A583FCF9D41173D3002099E /* Pods_GitHub_Stars.framework */ = {isa = PBXFileReference; explicitFileType = wrapper.framework; includeInIndex = 0; path = Pods_GitHub_Stars.framework; sourceTree = BUILT_PRODUCTS_DIR; };
		213506D5671B8AEAD0058446 /* Pods_GitHub_StarsTests.framework */ = {isa = PBXFileReference; explicitFileType = wrapper.framework; includeInIndex = 0; path = Pods_GitHub_StarsTests.framework; sourceTree = BUILT_PRODUCTS_DIR; };
		37A9AC00DF411AC3BBDB1830 /* Pods-GitHub StarsTests.release.xcconfig */ = {isa = PBXFileReference; includeInIndex = 1; lastKnownFileType = text.xcconfig; name = "Pods-GitHub StarsTests.release.xcconfig"; path = "Pods/Target Support Files/Pods-GitHub StarsTests/Pods-GitHub StarsTests.release.xcconfig"; sourceTree = "<group>"; };
		6D36709173A22E183E7A6C43 /* Pods_GitHub_StarsUITests.framework */ = {isa = PBXFileReference; explicitFileType = wrapper.framework; includeInIndex = 0; path = Pods_GitHub_StarsUITests.framework; sourceTree = BUILT_PRODUCTS_DIR; };
		78E9FD6467A7B1FAC151C896 /* Pods-GitHub Stars.debug.xcconfig */ = {isa = PBXFileReference; includeInIndex = 1; lastKnownFileType = text.xcconfig; name = "Pods-GitHub Stars.debug.xcconfig"; path = "Pods/Target Support Files/Pods-GitHub Stars/Pods-GitHub Stars.debug.xcconfig"; sourceTree = "<group>"; };
		7F1205CFFC469A9F6370BC79 /* Pods-GitHub StarsUITests.release.xcconfig */ = {isa = PBXFileReference; includeInIndex = 1; lastKnownFileType = text.xcconfig; name = "Pods-GitHub StarsUITests.release.xcconfig"; path = "Pods/Target Support Files/Pods-GitHub StarsUITests/Pods-GitHub StarsUITests.release.xcconfig"; sourceTree = "<group>"; };
		AE4B2E5A2124AB9900951850 /* GitHub Stars.app */ = {isa = PBXFileReference; explicitFileType = wrapper.application; includeInIndex = 0; path = "GitHub Stars.app"; sourceTree = BUILT_PRODUCTS_DIR; };
		AE4B2E5D2124AB9900951850 /* AppDelegate.swift */ = {isa = PBXFileReference; lastKnownFileType = sourcecode.swift; path = AppDelegate.swift; sourceTree = "<group>"; };
		AE4B2E622124AB9900951850 /* Base */ = {isa = PBXFileReference; lastKnownFileType = file.storyboard; name = Base; path = Base.lproj/Main.storyboard; sourceTree = "<group>"; };
		AE4B2E642124AB9B00951850 /* Assets.xcassets */ = {isa = PBXFileReference; lastKnownFileType = folder.assetcatalog; path = Assets.xcassets; sourceTree = "<group>"; };
		AE4B2E672124AB9B00951850 /* Base */ = {isa = PBXFileReference; lastKnownFileType = file.storyboard; name = Base; path = Base.lproj/LaunchScreen.storyboard; sourceTree = "<group>"; };
		AE4B2E692124AB9B00951850 /* Info.plist */ = {isa = PBXFileReference; lastKnownFileType = text.plist.xml; path = Info.plist; sourceTree = "<group>"; };
		AE4B2E6E2124AB9B00951850 /* GitHub StarsTests.xctest */ = {isa = PBXFileReference; explicitFileType = wrapper.cfbundle; includeInIndex = 0; path = "GitHub StarsTests.xctest"; sourceTree = BUILT_PRODUCTS_DIR; };
		AE4B2E722124AB9B00951850 /* GitHub_StarsTests.swift */ = {isa = PBXFileReference; lastKnownFileType = sourcecode.swift; path = GitHub_StarsTests.swift; sourceTree = "<group>"; };
		AE4B2E742124AB9B00951850 /* Info.plist */ = {isa = PBXFileReference; lastKnownFileType = text.plist.xml; path = Info.plist; sourceTree = "<group>"; };
		AE4B2E792124AB9B00951850 /* GitHub StarsUITests.xctest */ = {isa = PBXFileReference; explicitFileType = wrapper.cfbundle; includeInIndex = 0; path = "GitHub StarsUITests.xctest"; sourceTree = BUILT_PRODUCTS_DIR; };
		AE4B2E7D2124AB9B00951850 /* GitHub_StarsUITests.swift */ = {isa = PBXFileReference; lastKnownFileType = sourcecode.swift; path = GitHub_StarsUITests.swift; sourceTree = "<group>"; };
		AE4B2E7F2124AB9B00951850 /* Info.plist */ = {isa = PBXFileReference; lastKnownFileType = text.plist.xml; path = Info.plist; sourceTree = "<group>"; };
		AE4B2E912124B44500951850 /* Repository.swift */ = {isa = PBXFileReference; lastKnownFileType = sourcecode.swift; path = Repository.swift; sourceTree = "<group>"; };
		AE4B2E932124BD9D00951850 /* Owner.swift */ = {isa = PBXFileReference; lastKnownFileType = sourcecode.swift; path = Owner.swift; sourceTree = "<group>"; };
		AE4B2E952124C79E00951850 /* PullRequest.swift */ = {isa = PBXFileReference; lastKnownFileType = sourcecode.swift; path = PullRequest.swift; sourceTree = "<group>"; };
		AE7BE80E2124D79400476D05 /* RepositoriesTableViewController.swift */ = {isa = PBXFileReference; lastKnownFileType = sourcecode.swift; path = RepositoriesTableViewController.swift; sourceTree = "<group>"; };
		AE7BE8112124D86800476D05 /* RepositoryTableViewCell.swift */ = {isa = PBXFileReference; lastKnownFileType = sourcecode.swift; path = RepositoryTableViewCell.swift; sourceTree = "<group>"; };
		AE7BE8122124D86800476D05 /* RepositoryTableViewCell.xib */ = {isa = PBXFileReference; lastKnownFileType = file.xib; path = RepositoryTableViewCell.xib; sourceTree = "<group>"; };
		AE7BE8162124DDC800476D05 /* WGExtensions.swift */ = {isa = PBXFileReference; fileEncoding = 4; lastKnownFileType = sourcecode.swift; path = WGExtensions.swift; sourceTree = "<group>"; };
		AE7BE81B2125E50C00476D05 /* BaseRequest.swift */ = {isa = PBXFileReference; lastKnownFileType = sourcecode.swift; path = BaseRequest.swift; sourceTree = "<group>"; };
		AE7BE81D2125E5C700476D05 /* RepositoriesRequest.swift */ = {isa = PBXFileReference; lastKnownFileType = sourcecode.swift; path = RepositoriesRequest.swift; sourceTree = "<group>"; };
		AE7BE81F2125EFD000476D05 /* ProgressUtils.swift */ = {isa = PBXFileReference; fileEncoding = 4; lastKnownFileType = sourcecode.swift; path = ProgressUtils.swift; sourceTree = "<group>"; };
		AE7BE82321262EA900476D05 /* PullRequestsTableViewController.swift */ = {isa = PBXFileReference; lastKnownFileType = sourcecode.swift; path = PullRequestsTableViewController.swift; sourceTree = "<group>"; };
		AE7BE8252126320700476D05 /* DateUtils.swift */ = {isa = PBXFileReference; fileEncoding = 4; lastKnownFileType = sourcecode.swift; path = DateUtils.swift; sourceTree = "<group>"; };
		AEAC26042126344800632897 /* PullRequestsRequest.swift */ = {isa = PBXFileReference; lastKnownFileType = sourcecode.swift; path = PullRequestsRequest.swift; sourceTree = "<group>"; };
		AECB8BB26EA7C167E59BABC9 /* Pods-GitHub StarsTests.debug.xcconfig */ = {isa = PBXFileReference; includeInIndex = 1; lastKnownFileType = text.xcconfig; name = "Pods-GitHub StarsTests.debug.xcconfig"; path = "Pods/Target Support Files/Pods-GitHub StarsTests/Pods-GitHub StarsTests.debug.xcconfig"; sourceTree = "<group>"; };
		E5312D507378DCFFCF7AFDD1 /* Pods-GitHub StarsUITests.debug.xcconfig */ = {isa = PBXFileReference; includeInIndex = 1; lastKnownFileType = text.xcconfig; name = "Pods-GitHub StarsUITests.debug.xcconfig"; path = "Pods/Target Support Files/Pods-GitHub StarsUITests/Pods-GitHub StarsUITests.debug.xcconfig"; sourceTree = "<group>"; };
		E960EF03F75B2B30D02C583A /* Pods-GitHub Stars.release.xcconfig */ = {isa = PBXFileReference; includeInIndex = 1; lastKnownFileType = text.xcconfig; name = "Pods-GitHub Stars.release.xcconfig"; path = "Pods/Target Support Files/Pods-GitHub Stars/Pods-GitHub Stars.release.xcconfig"; sourceTree = "<group>"; };
/* End PBXFileReference section */

/* Begin PBXFrameworksBuildPhase section */
		AE4B2E572124AB9900951850 /* Frameworks */ = {
			isa = PBXFrameworksBuildPhase;
			buildActionMask = 2147483647;
			files = (
				56C8B14A858CF07EEAA5CA36 /* Pods_GitHub_Stars.framework in Frameworks */,
			);
			runOnlyForDeploymentPostprocessing = 0;
		};
		AE4B2E6B2124AB9B00951850 /* Frameworks */ = {
			isa = PBXFrameworksBuildPhase;
			buildActionMask = 2147483647;
			files = (
				4AB748BD14FCE2762EF7C105 /* Pods_GitHub_StarsTests.framework in Frameworks */,
			);
			runOnlyForDeploymentPostprocessing = 0;
		};
		AE4B2E762124AB9B00951850 /* Frameworks */ = {
			isa = PBXFrameworksBuildPhase;
			buildActionMask = 2147483647;
			files = (
				E1ED42ABE247375ADEABFFC2 /* Pods_GitHub_StarsUITests.framework in Frameworks */,
			);
			runOnlyForDeploymentPostprocessing = 0;
		};
/* End PBXFrameworksBuildPhase section */

/* Begin PBXGroup section */
		AE4B2E512124AB9900951850 = {
			isa = PBXGroup;
			children = (
				AE4B2E5C2124AB9900951850 /* GitHub Stars */,
				AE4B2E712124AB9B00951850 /* GitHub StarsTests */,
				AE4B2E7C2124AB9B00951850 /* GitHub StarsUITests */,
				AE4B2E5B2124AB9900951850 /* Products */,
				EC87725A7ADE5099242515A0 /* Pods */,
				BD3E2FC083806B9E5532C6E5 /* Frameworks */,
			);
			sourceTree = "<group>";
		};
		AE4B2E5B2124AB9900951850 /* Products */ = {
			isa = PBXGroup;
			children = (
				AE4B2E5A2124AB9900951850 /* GitHub Stars.app */,
				AE4B2E6E2124AB9B00951850 /* GitHub StarsTests.xctest */,
				AE4B2E792124AB9B00951850 /* GitHub StarsUITests.xctest */,
			);
			name = Products;
			sourceTree = "<group>";
		};
		AE4B2E5C2124AB9900951850 /* GitHub Stars */ = {
			isa = PBXGroup;
			children = (
				AE4B2E8C2124B3C000951850 /* Domain */,
				AE4B2E8B2124B3BA00951850 /* Core */,
			);
			path = "GitHub Stars";
			sourceTree = "<group>";
		};
		AE4B2E712124AB9B00951850 /* GitHub StarsTests */ = {
			isa = PBXGroup;
			children = (
				AE4B2E722124AB9B00951850 /* GitHub_StarsTests.swift */,
				AE4B2E742124AB9B00951850 /* Info.plist */,
			);
			path = "GitHub StarsTests";
			sourceTree = "<group>";
		};
		AE4B2E7C2124AB9B00951850 /* GitHub StarsUITests */ = {
			isa = PBXGroup;
			children = (
				AE4B2E7D2124AB9B00951850 /* GitHub_StarsUITests.swift */,
				AE4B2E7F2124AB9B00951850 /* Info.plist */,
			);
			path = "GitHub StarsUITests";
			sourceTree = "<group>";
		};
		AE4B2E8B2124B3BA00951850 /* Core */ = {
			isa = PBXGroup;
			children = (
				AE7BE81A2125E49C00476D05 /* Requests */,
				AE7BE8152124DD9E00476D05 /* Utils */,
				AE7BE8102124D84A00476D05 /* Views */,
				AE4B2E902124B3E800951850 /* Assets */,
				AE4B2E8D2124B3C400951850 /* Models */,
				AE4B2E8F2124B3DB00951850 /* Storyboards */,
				AE4B2E8E2124B3C800951850 /* Supporting Files */,
			);
			path = Core;
			sourceTree = "<group>";
		};
		AE4B2E8C2124B3C000951850 /* Domain */ = {
			isa = PBXGroup;
			children = (
				AE7BE82221262E9100476D05 /* Pull Requests */,
				AE7BE80B2124D28B00476D05 /* Repositories */,
			);
			path = Domain;
			sourceTree = "<group>";
		};
		AE4B2E8D2124B3C400951850 /* Models */ = {
			isa = PBXGroup;
			children = (
				AE4B2E912124B44500951850 /* Repository.swift */,
				AE4B2E932124BD9D00951850 /* Owner.swift */,
				AE4B2E952124C79E00951850 /* PullRequest.swift */,
			);
			path = Models;
			sourceTree = "<group>";
		};
		AE4B2E8E2124B3C800951850 /* Supporting Files */ = {
			isa = PBXGroup;
			children = (
				AE4B2E5D2124AB9900951850 /* AppDelegate.swift */,
				AE4B2E692124AB9B00951850 /* Info.plist */,
			);
			path = "Supporting Files";
			sourceTree = "<group>";
		};
		AE4B2E8F2124B3DB00951850 /* Storyboards */ = {
			isa = PBXGroup;
			children = (
				AE4B2E662124AB9B00951850 /* LaunchScreen.storyboard */,
				AE4B2E612124AB9900951850 /* Main.storyboard */,
			);
			path = Storyboards;
			sourceTree = "<group>";
		};
		AE4B2E902124B3E800951850 /* Assets */ = {
			isa = PBXGroup;
			children = (
				AE4B2E642124AB9B00951850 /* Assets.xcassets */,
			);
			path = Assets;
			sourceTree = "<group>";
		};
		AE7BE80B2124D28B00476D05 /* Repositories */ = {
			isa = PBXGroup;
			children = (
				AE7BE80E2124D79400476D05 /* RepositoriesTableViewController.swift */,
			);
			path = Repositories;
			sourceTree = "<group>";
		};
		AE7BE8102124D84A00476D05 /* Views */ = {
			isa = PBXGroup;
			children = (
				AE7BE8112124D86800476D05 /* RepositoryTableViewCell.swift */,
				AE7BE8122124D86800476D05 /* RepositoryTableViewCell.xib */,
			);
			path = Views;
			sourceTree = "<group>";
		};
		AE7BE8152124DD9E00476D05 /* Utils */ = {
			isa = PBXGroup;
			children = (
				AE7BE8252126320700476D05 /* DateUtils.swift */,
				AE7BE81F2125EFD000476D05 /* ProgressUtils.swift */,
				AE7BE8162124DDC800476D05 /* WGExtensions.swift */,
			);
			path = Utils;
			sourceTree = "<group>";
		};
		AE7BE81A2125E49C00476D05 /* Requests */ = {
			isa = PBXGroup;
			children = (
				AE7BE81B2125E50C00476D05 /* BaseRequest.swift */,
				AE7BE81D2125E5C700476D05 /* RepositoriesRequest.swift */,
				AEAC26042126344800632897 /* PullRequestsRequest.swift */,
			);
			path = Requests;
			sourceTree = "<group>";
		};
		AE7BE82221262E9100476D05 /* Pull Requests */ = {
			isa = PBXGroup;
			children = (
				AE7BE82321262EA900476D05 /* PullRequestsTableViewController.swift */,
			);
			path = "Pull Requests";
			sourceTree = "<group>";
		};
		BD3E2FC083806B9E5532C6E5 /* Frameworks */ = {
			isa = PBXGroup;
			children = (
				0A583FCF9D41173D3002099E /* Pods_GitHub_Stars.framework */,
				213506D5671B8AEAD0058446 /* Pods_GitHub_StarsTests.framework */,
				6D36709173A22E183E7A6C43 /* Pods_GitHub_StarsUITests.framework */,
			);
			name = Frameworks;
			sourceTree = "<group>";
		};
		EC87725A7ADE5099242515A0 /* Pods */ = {
			isa = PBXGroup;
			children = (
				78E9FD6467A7B1FAC151C896 /* Pods-GitHub Stars.debug.xcconfig */,
				E960EF03F75B2B30D02C583A /* Pods-GitHub Stars.release.xcconfig */,
				AECB8BB26EA7C167E59BABC9 /* Pods-GitHub StarsTests.debug.xcconfig */,
				37A9AC00DF411AC3BBDB1830 /* Pods-GitHub StarsTests.release.xcconfig */,
				E5312D507378DCFFCF7AFDD1 /* Pods-GitHub StarsUITests.debug.xcconfig */,
				7F1205CFFC469A9F6370BC79 /* Pods-GitHub StarsUITests.release.xcconfig */,
			);
			name = Pods;
			sourceTree = "<group>";
		};
/* End PBXGroup section */

/* Begin PBXNativeTarget section */
		AE4B2E592124AB9900951850 /* GitHub Stars */ = {
			isa = PBXNativeTarget;
			buildConfigurationList = AE4B2E822124AB9B00951850 /* Build configuration list for PBXNativeTarget "GitHub Stars" */;
			buildPhases = (
				3D5BAB58569A9CF947610229 /* [CP] Check Pods Manifest.lock */,
				AE4B2E562124AB9900951850 /* Sources */,
				AE4B2E572124AB9900951850 /* Frameworks */,
				AE4B2E582124AB9900951850 /* Resources */,
				846500E6E29A3EA2691039C4 /* [CP] Embed Pods Frameworks */,
			);
			buildRules = (
			);
			dependencies = (
			);
			name = "GitHub Stars";
			productName = "GitHub Stars";
			productReference = AE4B2E5A2124AB9900951850 /* GitHub Stars.app */;
			productType = "com.apple.product-type.application";
		};
		AE4B2E6D2124AB9B00951850 /* GitHub StarsTests */ = {
			isa = PBXNativeTarget;
			buildConfigurationList = AE4B2E852124AB9B00951850 /* Build configuration list for PBXNativeTarget "GitHub StarsTests" */;
			buildPhases = (
				2035F466767174936FFF2536 /* [CP] Check Pods Manifest.lock */,
				AE4B2E6A2124AB9B00951850 /* Sources */,
				AE4B2E6B2124AB9B00951850 /* Frameworks */,
				AE4B2E6C2124AB9B00951850 /* Resources */,
			);
			buildRules = (
			);
			dependencies = (
				AE4B2E702124AB9B00951850 /* PBXTargetDependency */,
			);
			name = "GitHub StarsTests";
			productName = "GitHub StarsTests";
			productReference = AE4B2E6E2124AB9B00951850 /* GitHub StarsTests.xctest */;
			productType = "com.apple.product-type.bundle.unit-test";
		};
		AE4B2E782124AB9B00951850 /* GitHub StarsUITests */ = {
			isa = PBXNativeTarget;
			buildConfigurationList = AE4B2E882124AB9B00951850 /* Build configuration list for PBXNativeTarget "GitHub StarsUITests" */;
			buildPhases = (
				34D79AC84FFDA8D6E12F0664 /* [CP] Check Pods Manifest.lock */,
				AE4B2E752124AB9B00951850 /* Sources */,
				AE4B2E762124AB9B00951850 /* Frameworks */,
				AE4B2E772124AB9B00951850 /* Resources */,
			);
			buildRules = (
			);
			dependencies = (
				AE4B2E7B2124AB9B00951850 /* PBXTargetDependency */,
			);
			name = "GitHub StarsUITests";
			productName = "GitHub StarsUITests";
			productReference = AE4B2E792124AB9B00951850 /* GitHub StarsUITests.xctest */;
			productType = "com.apple.product-type.bundle.ui-testing";
		};
/* End PBXNativeTarget section */

/* Begin PBXProject section */
		AE4B2E522124AB9900951850 /* Project object */ = {
			isa = PBXProject;
			attributes = {
				LastSwiftUpdateCheck = 0940;
				LastUpgradeCheck = 0940;
				ORGANIZATIONNAME = "Wesley Gomes";
				TargetAttributes = {
					AE4B2E592124AB9900951850 = {
						CreatedOnToolsVersion = 9.4.1;
					};
					AE4B2E6D2124AB9B00951850 = {
						CreatedOnToolsVersion = 9.4.1;
						TestTargetID = AE4B2E592124AB9900951850;
					};
					AE4B2E782124AB9B00951850 = {
						CreatedOnToolsVersion = 9.4.1;
						TestTargetID = AE4B2E592124AB9900951850;
					};
				};
			};
			buildConfigurationList = AE4B2E552124AB9900951850 /* Build configuration list for PBXProject "GitHub Stars" */;
			compatibilityVersion = "Xcode 9.3";
			developmentRegion = en;
			hasScannedForEncodings = 0;
			knownRegions = (
				en,
				Base,
			);
			mainGroup = AE4B2E512124AB9900951850;
			productRefGroup = AE4B2E5B2124AB9900951850 /* Products */;
			projectDirPath = "";
			projectRoot = "";
			targets = (
				AE4B2E592124AB9900951850 /* GitHub Stars */,
				AE4B2E6D2124AB9B00951850 /* GitHub StarsTests */,
				AE4B2E782124AB9B00951850 /* GitHub StarsUITests */,
			);
		};
/* End PBXProject section */

/* Begin PBXResourcesBuildPhase section */
		AE4B2E582124AB9900951850 /* Resources */ = {
			isa = PBXResourcesBuildPhase;
			buildActionMask = 2147483647;
			files = (
				AE4B2E682124AB9B00951850 /* LaunchScreen.storyboard in Resources */,
				AE4B2E652124AB9B00951850 /* Assets.xcassets in Resources */,
				AE4B2E632124AB9900951850 /* Main.storyboard in Resources */,
				AE7BE8142124D86800476D05 /* RepositoryTableViewCell.xib in Resources */,
			);
			runOnlyForDeploymentPostprocessing = 0;
		};
		AE4B2E6C2124AB9B00951850 /* Resources */ = {
			isa = PBXResourcesBuildPhase;
			buildActionMask = 2147483647;
			files = (
			);
			runOnlyForDeploymentPostprocessing = 0;
		};
		AE4B2E772124AB9B00951850 /* Resources */ = {
			isa = PBXResourcesBuildPhase;
			buildActionMask = 2147483647;
			files = (
			);
			runOnlyForDeploymentPostprocessing = 0;
		};
/* End PBXResourcesBuildPhase section */

/* Begin PBXShellScriptBuildPhase section */
		2035F466767174936FFF2536 /* [CP] Check Pods Manifest.lock */ = {
			isa = PBXShellScriptBuildPhase;
			buildActionMask = 2147483647;
			files = (
			);
			inputPaths = (
				"${PODS_PODFILE_DIR_PATH}/Podfile.lock",
				"${PODS_ROOT}/Manifest.lock",
			);
			name = "[CP] Check Pods Manifest.lock";
			outputPaths = (
				"$(DERIVED_FILE_DIR)/Pods-GitHub StarsTests-checkManifestLockResult.txt",
			);
			runOnlyForDeploymentPostprocessing = 0;
			shellPath = /bin/sh;
			shellScript = "diff \"${PODS_PODFILE_DIR_PATH}/Podfile.lock\" \"${PODS_ROOT}/Manifest.lock\" > /dev/null\nif [ $? != 0 ] ; then\n    # print error to STDERR\n    echo \"error: The sandbox is not in sync with the Podfile.lock. Run 'pod install' or update your CocoaPods installation.\" >&2\n    exit 1\nfi\n# This output is used by Xcode 'outputs' to avoid re-running this script phase.\necho \"SUCCESS\" > \"${SCRIPT_OUTPUT_FILE_0}\"\n";
			showEnvVarsInLog = 0;
		};
		34D79AC84FFDA8D6E12F0664 /* [CP] Check Pods Manifest.lock */ = {
			isa = PBXShellScriptBuildPhase;
			buildActionMask = 2147483647;
			files = (
			);
			inputPaths = (
				"${PODS_PODFILE_DIR_PATH}/Podfile.lock",
				"${PODS_ROOT}/Manifest.lock",
			);
			name = "[CP] Check Pods Manifest.lock";
			outputPaths = (
				"$(DERIVED_FILE_DIR)/Pods-GitHub StarsUITests-checkManifestLockResult.txt",
			);
			runOnlyForDeploymentPostprocessing = 0;
			shellPath = /bin/sh;
			shellScript = "diff \"${PODS_PODFILE_DIR_PATH}/Podfile.lock\" \"${PODS_ROOT}/Manifest.lock\" > /dev/null\nif [ $? != 0 ] ; then\n    # print error to STDERR\n    echo \"error: The sandbox is not in sync with the Podfile.lock. Run 'pod install' or update your CocoaPods installation.\" >&2\n    exit 1\nfi\n# This output is used by Xcode 'outputs' to avoid re-running this script phase.\necho \"SUCCESS\" > \"${SCRIPT_OUTPUT_FILE_0}\"\n";
			showEnvVarsInLog = 0;
		};
		3D5BAB58569A9CF947610229 /* [CP] Check Pods Manifest.lock */ = {
			isa = PBXShellScriptBuildPhase;
			buildActionMask = 2147483647;
			files = (
			);
			inputPaths = (
				"${PODS_PODFILE_DIR_PATH}/Podfile.lock",
				"${PODS_ROOT}/Manifest.lock",
			);
			name = "[CP] Check Pods Manifest.lock";
			outputPaths = (
				"$(DERIVED_FILE_DIR)/Pods-GitHub Stars-checkManifestLockResult.txt",
			);
			runOnlyForDeploymentPostprocessing = 0;
			shellPath = /bin/sh;
			shellScript = "diff \"${PODS_PODFILE_DIR_PATH}/Podfile.lock\" \"${PODS_ROOT}/Manifest.lock\" > /dev/null\nif [ $? != 0 ] ; then\n    # print error to STDERR\n    echo \"error: The sandbox is not in sync with the Podfile.lock. Run 'pod install' or update your CocoaPods installation.\" >&2\n    exit 1\nfi\n# This output is used by Xcode 'outputs' to avoid re-running this script phase.\necho \"SUCCESS\" > \"${SCRIPT_OUTPUT_FILE_0}\"\n";
			showEnvVarsInLog = 0;
		};
		846500E6E29A3EA2691039C4 /* [CP] Embed Pods Frameworks */ = {
			isa = PBXShellScriptBuildPhase;
			buildActionMask = 2147483647;
			files = (
			);
			inputPaths = (
				"${SRCROOT}/Pods/Target Support Files/Pods-GitHub Stars/Pods-GitHub Stars-frameworks.sh",
				"${BUILT_PRODUCTS_DIR}/Alamofire/Alamofire.framework",
				"${BUILT_PRODUCTS_DIR}/SDWebImage/SDWebImage.framework",
				"${BUILT_PRODUCTS_DIR}/SVProgressHUD/SVProgressHUD.framework",
			);
			name = "[CP] Embed Pods Frameworks";
			outputPaths = (
				"${TARGET_BUILD_DIR}/${FRAMEWORKS_FOLDER_PATH}/Alamofire.framework",
				"${TARGET_BUILD_DIR}/${FRAMEWORKS_FOLDER_PATH}/SDWebImage.framework",
				"${TARGET_BUILD_DIR}/${FRAMEWORKS_FOLDER_PATH}/SVProgressHUD.framework",
			);
			runOnlyForDeploymentPostprocessing = 0;
			shellPath = /bin/sh;
			shellScript = "\"${SRCROOT}/Pods/Target Support Files/Pods-GitHub Stars/Pods-GitHub Stars-frameworks.sh\"\n";
			showEnvVarsInLog = 0;
		};
/* End PBXShellScriptBuildPhase section */

/* Begin PBXSourcesBuildPhase section */
		AE4B2E562124AB9900951850 /* Sources */ = {
			isa = PBXSourcesBuildPhase;
			buildActionMask = 2147483647;
			files = (
				AE7BE81E2125E5C700476D05 /* RepositoriesRequest.swift in Sources */,
				AE7BE8262126320700476D05 /* DateUtils.swift in Sources */,
				AE7BE81C2125E50C00476D05 /* BaseRequest.swift in Sources */,
				AE7BE82421262EA900476D05 /* PullRequestsTableViewController.swift in Sources */,
				AE4B2E942124BD9D00951850 /* Owner.swift in Sources */,
				AE7BE80F2124D79400476D05 /* RepositoriesTableViewController.swift in Sources */,
				AE4B2E5E2124AB9900951850 /* AppDelegate.swift in Sources */,
				AE7BE8132124D86800476D05 /* RepositoryTableViewCell.swift in Sources */,
				AE7BE8202125EFD000476D05 /* ProgressUtils.swift in Sources */,
				AE7BE8172124DDC800476D05 /* WGExtensions.swift in Sources */,
				AE4B2E962124C79E00951850 /* PullRequest.swift in Sources */,
				AEAC26052126344800632897 /* PullRequestsRequest.swift in Sources */,
				AE4B2E922124B44500951850 /* Repository.swift in Sources */,
			);
			runOnlyForDeploymentPostprocessing = 0;
		};
		AE4B2E6A2124AB9B00951850 /* Sources */ = {
			isa = PBXSourcesBuildPhase;
			buildActionMask = 2147483647;
			files = (
				AE4B2E732124AB9B00951850 /* GitHub_StarsTests.swift in Sources */,
			);
			runOnlyForDeploymentPostprocessing = 0;
		};
		AE4B2E752124AB9B00951850 /* Sources */ = {
			isa = PBXSourcesBuildPhase;
			buildActionMask = 2147483647;
			files = (
				AE4B2E7E2124AB9B00951850 /* GitHub_StarsUITests.swift in Sources */,
			);
			runOnlyForDeploymentPostprocessing = 0;
		};
/* End PBXSourcesBuildPhase section */

/* Begin PBXTargetDependency section */
		AE4B2E702124AB9B00951850 /* PBXTargetDependency */ = {
			isa = PBXTargetDependency;
			target = AE4B2E592124AB9900951850 /* GitHub Stars */;
			targetProxy = AE4B2E6F2124AB9B00951850 /* PBXContainerItemProxy */;
		};
		AE4B2E7B2124AB9B00951850 /* PBXTargetDependency */ = {
			isa = PBXTargetDependency;
			target = AE4B2E592124AB9900951850 /* GitHub Stars */;
			targetProxy = AE4B2E7A2124AB9B00951850 /* PBXContainerItemProxy */;
		};
/* End PBXTargetDependency section */

/* Begin PBXVariantGroup section */
		AE4B2E612124AB9900951850 /* Main.storyboard */ = {
			isa = PBXVariantGroup;
			children = (
				AE4B2E622124AB9900951850 /* Base */,
			);
			name = Main.storyboard;
			sourceTree = "<group>";
		};
		AE4B2E662124AB9B00951850 /* LaunchScreen.storyboard */ = {
			isa = PBXVariantGroup;
			children = (
				AE4B2E672124AB9B00951850 /* Base */,
			);
			name = LaunchScreen.storyboard;
			sourceTree = "<group>";
		};
/* End PBXVariantGroup section */

/* Begin XCBuildConfiguration section */
		AE4B2E802124AB9B00951850 /* Debug */ = {
			isa = XCBuildConfiguration;
			buildSettings = {
				ALWAYS_SEARCH_USER_PATHS = NO;
				CLANG_ANALYZER_NONNULL = YES;
				CLANG_ANALYZER_NUMBER_OBJECT_CONVERSION = YES_AGGRESSIVE;
				CLANG_CXX_LANGUAGE_STANDARD = "gnu++14";
				CLANG_CXX_LIBRARY = "libc++";
				CLANG_ENABLE_MODULES = YES;
				CLANG_ENABLE_OBJC_ARC = YES;
				CLANG_ENABLE_OBJC_WEAK = YES;
				CLANG_WARN_BLOCK_CAPTURE_AUTORELEASING = YES;
				CLANG_WARN_BOOL_CONVERSION = YES;
				CLANG_WARN_COMMA = YES;
				CLANG_WARN_CONSTANT_CONVERSION = YES;
				CLANG_WARN_DEPRECATED_OBJC_IMPLEMENTATIONS = YES;
				CLANG_WARN_DIRECT_OBJC_ISA_USAGE = YES_ERROR;
				CLANG_WARN_DOCUMENTATION_COMMENTS = YES;
				CLANG_WARN_EMPTY_BODY = YES;
				CLANG_WARN_ENUM_CONVERSION = YES;
				CLANG_WARN_INFINITE_RECURSION = YES;
				CLANG_WARN_INT_CONVERSION = YES;
				CLANG_WARN_NON_LITERAL_NULL_CONVERSION = YES;
				CLANG_WARN_OBJC_IMPLICIT_RETAIN_SELF = YES;
				CLANG_WARN_OBJC_LITERAL_CONVERSION = YES;
				CLANG_WARN_OBJC_ROOT_CLASS = YES_ERROR;
				CLANG_WARN_RANGE_LOOP_ANALYSIS = YES;
				CLANG_WARN_STRICT_PROTOTYPES = YES;
				CLANG_WARN_SUSPICIOUS_MOVE = YES;
				CLANG_WARN_UNGUARDED_AVAILABILITY = YES_AGGRESSIVE;
				CLANG_WARN_UNREACHABLE_CODE = YES;
				CLANG_WARN__DUPLICATE_METHOD_MATCH = YES;
				CODE_SIGN_IDENTITY = "iPhone Developer";
				COPY_PHASE_STRIP = NO;
				DEBUG_INFORMATION_FORMAT = dwarf;
				ENABLE_STRICT_OBJC_MSGSEND = YES;
				ENABLE_TESTABILITY = YES;
				GCC_C_LANGUAGE_STANDARD = gnu11;
				GCC_DYNAMIC_NO_PIC = NO;
				GCC_NO_COMMON_BLOCKS = YES;
				GCC_OPTIMIZATION_LEVEL = 0;
				GCC_PREPROCESSOR_DEFINITIONS = (
					"DEBUG=1",
					"$(inherited)",
				);
				GCC_WARN_64_TO_32_BIT_CONVERSION = YES;
				GCC_WARN_ABOUT_RETURN_TYPE = YES_ERROR;
				GCC_WARN_UNDECLARED_SELECTOR = YES;
				GCC_WARN_UNINITIALIZED_AUTOS = YES_AGGRESSIVE;
				GCC_WARN_UNUSED_FUNCTION = YES;
				GCC_WARN_UNUSED_VARIABLE = YES;
				IPHONEOS_DEPLOYMENT_TARGET = 11.4;
				MTL_ENABLE_DEBUG_INFO = YES;
				ONLY_ACTIVE_ARCH = YES;
				SDKROOT = iphoneos;
				SWIFT_ACTIVE_COMPILATION_CONDITIONS = DEBUG;
				SWIFT_OPTIMIZATION_LEVEL = "-Onone";
			};
			name = Debug;
		};
		AE4B2E812124AB9B00951850 /* Release */ = {
			isa = XCBuildConfiguration;
			buildSettings = {
				ALWAYS_SEARCH_USER_PATHS = NO;
				CLANG_ANALYZER_NONNULL = YES;
				CLANG_ANALYZER_NUMBER_OBJECT_CONVERSION = YES_AGGRESSIVE;
				CLANG_CXX_LANGUAGE_STANDARD = "gnu++14";
				CLANG_CXX_LIBRARY = "libc++";
				CLANG_ENABLE_MODULES = YES;
				CLANG_ENABLE_OBJC_ARC = YES;
				CLANG_ENABLE_OBJC_WEAK = YES;
				CLANG_WARN_BLOCK_CAPTURE_AUTORELEASING = YES;
				CLANG_WARN_BOOL_CONVERSION = YES;
				CLANG_WARN_COMMA = YES;
				CLANG_WARN_CONSTANT_CONVERSION = YES;
				CLANG_WARN_DEPRECATED_OBJC_IMPLEMENTATIONS = YES;
				CLANG_WARN_DIRECT_OBJC_ISA_USAGE = YES_ERROR;
				CLANG_WARN_DOCUMENTATION_COMMENTS = YES;
				CLANG_WARN_EMPTY_BODY = YES;
				CLANG_WARN_ENUM_CONVERSION = YES;
				CLANG_WARN_INFINITE_RECURSION = YES;
				CLANG_WARN_INT_CONVERSION = YES;
				CLANG_WARN_NON_LITERAL_NULL_CONVERSION = YES;
				CLANG_WARN_OBJC_IMPLICIT_RETAIN_SELF = YES;
				CLANG_WARN_OBJC_LITERAL_CONVERSION = YES;
				CLANG_WARN_OBJC_ROOT_CLASS = YES_ERROR;
				CLANG_WARN_RANGE_LOOP_ANALYSIS = YES;
				CLANG_WARN_STRICT_PROTOTYPES = YES;
				CLANG_WARN_SUSPICIOUS_MOVE = YES;
				CLANG_WARN_UNGUARDED_AVAILABILITY = YES_AGGRESSIVE;
				CLANG_WARN_UNREACHABLE_CODE = YES;
				CLANG_WARN__DUPLICATE_METHOD_MATCH = YES;
				CODE_SIGN_IDENTITY = "iPhone Developer";
				COPY_PHASE_STRIP = NO;
				DEBUG_INFORMATION_FORMAT = "dwarf-with-dsym";
				ENABLE_NS_ASSERTIONS = NO;
				ENABLE_STRICT_OBJC_MSGSEND = YES;
				GCC_C_LANGUAGE_STANDARD = gnu11;
				GCC_NO_COMMON_BLOCKS = YES;
				GCC_WARN_64_TO_32_BIT_CONVERSION = YES;
				GCC_WARN_ABOUT_RETURN_TYPE = YES_ERROR;
				GCC_WARN_UNDECLARED_SELECTOR = YES;
				GCC_WARN_UNINITIALIZED_AUTOS = YES_AGGRESSIVE;
				GCC_WARN_UNUSED_FUNCTION = YES;
				GCC_WARN_UNUSED_VARIABLE = YES;
				IPHONEOS_DEPLOYMENT_TARGET = 11.4;
				MTL_ENABLE_DEBUG_INFO = NO;
				SDKROOT = iphoneos;
				SWIFT_COMPILATION_MODE = wholemodule;
				SWIFT_OPTIMIZATION_LEVEL = "-O";
				VALIDATE_PRODUCT = YES;
			};
			name = Release;
		};
		AE4B2E832124AB9B00951850 /* Debug */ = {
			isa = XCBuildConfiguration;
			baseConfigurationReference = 78E9FD6467A7B1FAC151C896 /* Pods-GitHub Stars.debug.xcconfig */;
			buildSettings = {
				ASSETCATALOG_COMPILER_APPICON_NAME = AppIcon;
				CODE_SIGN_STYLE = Automatic;
				DEVELOPMENT_TEAM = ZA8S3VXNS5;
				INFOPLIST_FILE = "$(SRCROOT)/GitHub Stars/Core/Supporting Files/Info.plist";
				LD_RUNPATH_SEARCH_PATHS = (
					"$(inherited)",
					"@executable_path/Frameworks",
				);
				PRODUCT_BUNDLE_IDENTIFIER = "com.wesleygomes.GitHub-Stars";
				PRODUCT_NAME = "$(TARGET_NAME)";
				SWIFT_VERSION = 4.0;
				TARGETED_DEVICE_FAMILY = "1,2";
			};
			name = Debug;
		};
		AE4B2E842124AB9B00951850 /* Release */ = {
			isa = XCBuildConfiguration;
			baseConfigurationReference = E960EF03F75B2B30D02C583A /* Pods-GitHub Stars.release.xcconfig */;
			buildSettings = {
				ASSETCATALOG_COMPILER_APPICON_NAME = AppIcon;
				CODE_SIGN_STYLE = Automatic;
				DEVELOPMENT_TEAM = ZA8S3VXNS5;
				INFOPLIST_FILE = "$(SRCROOT)/GitHub Stars/Core/Supporting Files/Info.plist";
				LD_RUNPATH_SEARCH_PATHS = (
					"$(inherited)",
					"@executable_path/Frameworks",
				);
				PRODUCT_BUNDLE_IDENTIFIER = "com.wesleygomes.GitHub-Stars";
				PRODUCT_NAME = "$(TARGET_NAME)";
				SWIFT_VERSION = 4.0;
				TARGETED_DEVICE_FAMILY = "1,2";
			};
			name = Release;
		};
		AE4B2E862124AB9B00951850 /* Debug */ = {
			isa = XCBuildConfiguration;
			baseConfigurationReference = AECB8BB26EA7C167E59BABC9 /* Pods-GitHub StarsTests.debug.xcconfig */;
			buildSettings = {
				ALWAYS_EMBED_SWIFT_STANDARD_LIBRARIES = YES;
				BUNDLE_LOADER = "$(TEST_HOST)";
				CODE_SIGN_STYLE = Automatic;
				DEVELOPMENT_TEAM = ZA8S3VXNS5;
				INFOPLIST_FILE = "GitHub StarsTests/Info.plist";
				LD_RUNPATH_SEARCH_PATHS = (
					"$(inherited)",
					"@executable_path/Frameworks",
					"@loader_path/Frameworks",
				);
				PRODUCT_BUNDLE_IDENTIFIER = "com.wesleygomes.GitHub-StarsTests";
				PRODUCT_NAME = "$(TARGET_NAME)";
				SWIFT_VERSION = 4.0;
				TARGETED_DEVICE_FAMILY = "1,2";
				TEST_HOST = "$(BUILT_PRODUCTS_DIR)/GitHub Stars.app/GitHub Stars";
			};
			name = Debug;
		};
		AE4B2E872124AB9B00951850 /* Release */ = {
			isa = XCBuildConfiguration;
			baseConfigurationReference = 37A9AC00DF411AC3BBDB1830 /* Pods-GitHub StarsTests.release.xcconfig */;
			buildSettings = {
				ALWAYS_EMBED_SWIFT_STANDARD_LIBRARIES = YES;
				BUNDLE_LOADER = "$(TEST_HOST)";
				CODE_SIGN_STYLE = Automatic;
				DEVELOPMENT_TEAM = ZA8S3VXNS5;
				INFOPLIST_FILE = "GitHub StarsTests/Info.plist";
				LD_RUNPATH_SEARCH_PATHS = (
					"$(inherited)",
					"@executable_path/Frameworks",
					"@loader_path/Frameworks",
				);
				PRODUCT_BUNDLE_IDENTIFIER = "com.wesleygomes.GitHub-StarsTests";
				PRODUCT_NAME = "$(TARGET_NAME)";
				SWIFT_VERSION = 4.0;
				TARGETED_DEVICE_FAMILY = "1,2";
				TEST_HOST = "$(BUILT_PRODUCTS_DIR)/GitHub Stars.app/GitHub Stars";
			};
			name = Release;
		};
		AE4B2E892124AB9B00951850 /* Debug */ = {
			isa = XCBuildConfiguration;
			baseConfigurationReference = E5312D507378DCFFCF7AFDD1 /* Pods-GitHub StarsUITests.debug.xcconfig */;
			buildSettings = {
				ALWAYS_EMBED_SWIFT_STANDARD_LIBRARIES = YES;
				CODE_SIGN_STYLE = Automatic;
				DEVELOPMENT_TEAM = ZA8S3VXNS5;
				INFOPLIST_FILE = "GitHub StarsUITests/Info.plist";
				LD_RUNPATH_SEARCH_PATHS = (
					"$(inherited)",
					"@executable_path/Frameworks",
					"@loader_path/Frameworks",
				);
				PRODUCT_BUNDLE_IDENTIFIER = "com.wesleygomes.GitHub-StarsUITests";
				PRODUCT_NAME = "$(TARGET_NAME)";
				SWIFT_VERSION = 4.0;
				TARGETED_DEVICE_FAMILY = "1,2";
				TEST_TARGET_NAME = "GitHub Stars";
			};
			name = Debug;
		};
		AE4B2E8A2124AB9B00951850 /* Release */ = {
			isa = XCBuildConfiguration;
			baseConfigurationReference = 7F1205CFFC469A9F6370BC79 /* Pods-GitHub StarsUITests.release.xcconfig */;
			buildSettings = {
				ALWAYS_EMBED_SWIFT_STANDARD_LIBRARIES = YES;
				CODE_SIGN_STYLE = Automatic;
				DEVELOPMENT_TEAM = ZA8S3VXNS5;
				INFOPLIST_FILE = "GitHub StarsUITests/Info.plist";
				LD_RUNPATH_SEARCH_PATHS = (
					"$(inherited)",
					"@executable_path/Frameworks",
					"@loader_path/Frameworks",
				);
				PRODUCT_BUNDLE_IDENTIFIER = "com.wesleygomes.GitHub-StarsUITests";
				PRODUCT_NAME = "$(TARGET_NAME)";
				SWIFT_VERSION = 4.0;
				TARGETED_DEVICE_FAMILY = "1,2";
				TEST_TARGET_NAME = "GitHub Stars";
			};
			name = Release;
		};
/* End XCBuildConfiguration section */

/* Begin XCConfigurationList section */
		AE4B2E552124AB9900951850 /* Build configuration list for PBXProject "GitHub Stars" */ = {
			isa = XCConfigurationList;
			buildConfigurations = (
				AE4B2E802124AB9B00951850 /* Debug */,
				AE4B2E812124AB9B00951850 /* Release */,
			);
			defaultConfigurationIsVisible = 0;
			defaultConfigurationName = Release;
		};
		AE4B2E822124AB9B00951850 /* Build configuration list for PBXNativeTarget "GitHub Stars" */ = {
			isa = XCConfigurationList;
			buildConfigurations = (
				AE4B2E832124AB9B00951850 /* Debug */,
				AE4B2E842124AB9B00951850 /* Release */,
			);
			defaultConfigurationIsVisible = 0;
			defaultConfigurationName = Release;
		};
		AE4B2E852124AB9B00951850 /* Build configuration list for PBXNativeTarget "GitHub StarsTests" */ = {
			isa = XCConfigurationList;
			buildConfigurations = (
				AE4B2E862124AB9B00951850 /* Debug */,
				AE4B2E872124AB9B00951850 /* Release */,
			);
			defaultConfigurationIsVisible = 0;
			defaultConfigurationName = Release;
		};
		AE4B2E882124AB9B00951850 /* Build configuration list for PBXNativeTarget "GitHub StarsUITests" */ = {
			isa = XCConfigurationList;
			buildConfigurations = (
				AE4B2E892124AB9B00951850 /* Debug */,
				AE4B2E8A2124AB9B00951850 /* Release */,
			);
			defaultConfigurationIsVisible = 0;
			defaultConfigurationName = Release;
		};
/* End XCConfigurationList section */
	};
	rootObject = AE4B2E522124AB9900951850 /* Project object */;
}
